
Microsoft Visual Studio Solution File, Format Version 12.00
Project("{FAE04EC0-301F-11D3-BF4B-00C04F79EFBC}") = "Parallel4", "Parallel4.csproj", "{BC8A83B0-0B91-45B9-9FF9-69491FD8E5C4}"
EndProject
Global
	GlobalSection(SolutionConfigurationPlatforms) = preSolution
		Debug|Any CPU = Debug|Any CPU
		Release|Any CPU = Release|Any CPU
	EndGlobalSection
	GlobalSection(ProjectConfigurationPlatforms) = postSolution
		{BC8A83B0-0B91-45B9-9FF9-69491FD8E5C4}.Debug|Any CPU.ActiveCfg = Debug|Any CPU
		{BC8A83B0-0B91-45B9-9FF9-69491FD8E5C4}.Debug|Any CPU.Build.0 = Debug|Any CPU
		{BC8A83B0-0B91-45B9-9FF9-69491FD8E5C4}.Release|Any CPU.ActiveCfg = Release|Any CPU
		{BC8A83B0-0B91-45B9-9FF9-69491FD8E5C4}.Release|Any CPU.Build.0 = Release|Any CPU
	EndGlobalSection
EndGlobal
